{
  "name": "landing-page",
  "requires": true,
  "lockfileVersion": 1,
  "dependencies": {
    "angular": {
      "version": "1.8.0",
      "resolved": "https://registry.npmjs.org/angular/-/angular-1.8.0.tgz",
      "integrity": "sha512-VdaMx+Qk0Skla7B5gw77a8hzlcOakwF8mjlW13DpIWIDlfqwAbSSLfd8N/qZnzEmQF4jC4iofInd3gE7vL8ZZg=="
    },
    "angular-animate": {
      "version": "1.8.0",
      "resolved": "https://registry.npmjs.org/angular-animate/-/angular-animate-1.8.0.tgz",
      "integrity": "sha512-ROFK3UIn1MSVpqAlay15ZxjPmVbvwaO3Zn/2vhmQdYeqxSbUVuOckcvtDLBpHPGPtOAreu35qfV7NQ7u2EgDcA=="
    },
    "angular-aria": {
      "version": "1.8.0",
      "resolved": "https://registry.npmjs.org/angular-aria/-/angular-aria-1.8.0.tgz",
      "integrity": "sha512-eCQI6EwgY6bYHdzIUfDABHnZjoZ3bNYpCsnceQF4bLfbq1QtZ7raRPNca45sj6C9Pfjde6PNcEDvuLozFPYnrQ=="
    },
    "angular-material": {
      "version": "1.1.24",
      "resolved": "https://registry.npmjs.org/angular-material/-/angular-material-1.1.24.tgz",
      "integrity": "sha512-WlepLr+04g9g+Pd26t0G7vNRvF6XVCgRo7VZA1d/XGwpt5O0KafKujcaurFkYvgF5qaGGQXGPokX8sj6KaxDsw=="
    },
    "angular-messages": {
      "version": "1.8.0",
      "resolved": "https://registry.npmjs.org/angular-messages/-/angular-messages-1.8.0.tgz",
      "integrity": "sha512-LSlyTv80y1vg8Cfdz+RJ0BrraWkq0qsOZHyrHFT8NyYWC5yp6HQabvZvTpKv9YA+6o05wwAU90qXHSrnUlSflA=="
    },
    "font-awesome": {
      "version": "4.7.0",
      "resolved": "https://registry.npmjs.org/font-awesome/-/font-awesome-4.7.0.tgz",
      "integrity": "sha1-j6jPBBGhoxr9B7BtKQK7n8gVoTM="
    },
    "jquery": {
      "version": "3.5.1",
      "resolved": "https://registry.npmjs.org/jquery/-/jquery-3.5.1.tgz",
      "integrity": "sha512-XwIBPqcMn57FxfT+Go5pzySnm4KWkT1Tv7gjrpT1srtf8Weynl6R273VJ5GjkRb51IzMp5nbaPjJXMWeju2MKg=="
    },
    "jquery-plugin-viewport-checker": {
      "version": "1.8.3",
      "resolved": "https://registry.npmjs.org/jquery-plugin-viewport-checker/-/jquery-plugin-viewport-checker-1.8.3.tgz",
      "integrity": "sha1-j0ky1i5KjxFHqMCwy+7gdTiNVDo="
    }
  }
}
